
Microsoft Visual Studio Solution File, Format Version 12.00
# Visual Studio 14
VisualStudioVersion = 14.0.25420.1
MinimumVisualStudioVersion = 10.0.40219.1
Project("{2150E333-8FDC-42A3-9474-1A3956D46DE8}") = "src", "src", "{0D24C645-C8F7-45E6-8D8C-1D0A5F46ECB5}"
EndProject
Project("{2150E333-8FDC-42A3-9474-1A3956D46DE8}") = "Solution Items", "Solution Items", "{6683A123-830E-48D6-A85A-3F9441979DE3}"
	ProjectSection(SolutionItems) = preProject
		global.json = global.json
	EndProjectSection
EndProject
Project("{8BB2217D-0F2D-49D1-97BC-3654ED321F3B}") = "WebshopBeheer", "src\WebshopBeheer\WebshopBeheer.xproj", "{4BB7FFDF-E90C-4581-8B17-D0E1CEB393EC}"
EndProject
Project("{8BB2217D-0F2D-49D1-97BC-3654ED321F3B}") = "WebshopBeheer.Test", "src\WebshopBeheer.Test\WebshopBeheer.Test.xproj", "{071DE28D-93DE-4DD0-B8F5-A0BBBE0F0874}"
EndProject
Project("{8BB2217D-0F2D-49D1-97BC-3654ED321F3B}") = "WebshopBeheer.Listener", "src\WebshopBeheer.Listener\WebshopBeheer.Listener.xproj", "{4300E94D-162F-4A7E-B715-A3BFCB31CAAD}"
EndProject
Project("{8BB2217D-0F2D-49D1-97BC-3654ED321F3B}") = "WebshopBeheer.Listener.Test", "src\WebshopBeheer.Listener.Test\WebshopBeheer.Listener.Test.xproj", "{379EC5CF-2A4B-46A6-B569-E245FE978487}"
EndProject
Project("{8BB2217D-0F2D-49D1-97BC-3654ED321F3B}") = "AlgmeenBerichtenTesten", "src\AlgmeenBerichtenTesten\AlgmeenBerichtenTesten.xproj", "{A10F48FD-1A40-497D-8013-A4AFA3842B3A}"
EndProject
Global
	GlobalSection(SolutionConfigurationPlatforms) = preSolution
		Debug|Any CPU = Debug|Any CPU
		Release|Any CPU = Release|Any CPU
	EndGlobalSection
	GlobalSection(ProjectConfigurationPlatforms) = postSolution
		{4BB7FFDF-E90C-4581-8B17-D0E1CEB393EC}.Debug|Any CPU.ActiveCfg = Debug|Any CPU
		{4BB7FFDF-E90C-4581-8B17-D0E1CEB393EC}.Debug|Any CPU.Build.0 = Debug|Any CPU
		{4BB7FFDF-E90C-4581-8B17-D0E1CEB393EC}.Release|Any CPU.ActiveCfg = Release|Any CPU
		{4BB7FFDF-E90C-4581-8B17-D0E1CEB393EC}.Release|Any CPU.Build.0 = Release|Any CPU
		{071DE28D-93DE-4DD0-B8F5-A0BBBE0F0874}.Debug|Any CPU.ActiveCfg = Debug|Any CPU
		{071DE28D-93DE-4DD0-B8F5-A0BBBE0F0874}.Debug|Any CPU.Build.0 = Debug|Any CPU
		{071DE28D-93DE-4DD0-B8F5-A0BBBE0F0874}.Release|Any CPU.ActiveCfg = Release|Any CPU
		{071DE28D-93DE-4DD0-B8F5-A0BBBE0F0874}.Release|Any CPU.Build.0 = Release|Any CPU
		{4300E94D-162F-4A7E-B715-A3BFCB31CAAD}.Debug|Any CPU.ActiveCfg = Debug|Any CPU
		{4300E94D-162F-4A7E-B715-A3BFCB31CAAD}.Debug|Any CPU.Build.0 = Debug|Any CPU
		{4300E94D-162F-4A7E-B715-A3BFCB31CAAD}.Release|Any CPU.ActiveCfg = Release|Any CPU
		{4300E94D-162F-4A7E-B715-A3BFCB31CAAD}.Release|Any CPU.Build.0 = Release|Any CPU
		{379EC5CF-2A4B-46A6-B569-E245FE978487}.Debug|Any CPU.ActiveCfg = Debug|Any CPU
		{379EC5CF-2A4B-46A6-B569-E245FE978487}.Debug|Any CPU.Build.0 = Debug|Any CPU
		{379EC5CF-2A4B-46A6-B569-E245FE978487}.Release|Any CPU.ActiveCfg = Release|Any CPU
		{379EC5CF-2A4B-46A6-B569-E245FE978487}.Release|Any CPU.Build.0 = Release|Any CPU
		{A10F48FD-1A40-497D-8013-A4AFA3842B3A}.Debug|Any CPU.ActiveCfg = Debug|Any CPU
		{A10F48FD-1A40-497D-8013-A4AFA3842B3A}.Debug|Any CPU.Build.0 = Debug|Any CPU
		{A10F48FD-1A40-497D-8013-A4AFA3842B3A}.Release|Any CPU.ActiveCfg = Release|Any CPU
		{A10F48FD-1A40-497D-8013-A4AFA3842B3A}.Release|Any CPU.Build.0 = Release|Any CPU
	EndGlobalSection
	GlobalSection(SolutionProperties) = preSolution
		HideSolutionNode = FALSE
	EndGlobalSection
	GlobalSection(NestedProjects) = preSolution
		{4BB7FFDF-E90C-4581-8B17-D0E1CEB393EC} = {0D24C645-C8F7-45E6-8D8C-1D0A5F46ECB5}
		{071DE28D-93DE-4DD0-B8F5-A0BBBE0F0874} = {0D24C645-C8F7-45E6-8D8C-1D0A5F46ECB5}
		{4300E94D-162F-4A7E-B715-A3BFCB31CAAD} = {0D24C645-C8F7-45E6-8D8C-1D0A5F46ECB5}
		{379EC5CF-2A4B-46A6-B569-E245FE978487} = {0D24C645-C8F7-45E6-8D8C-1D0A5F46ECB5}
		{A10F48FD-1A40-497D-8013-A4AFA3842B3A} = {0D24C645-C8F7-45E6-8D8C-1D0A5F46ECB5}
	EndGlobalSection
EndGlobal
