
Microsoft Visual Studio Solution File, Format Version 12.00
# Visual Studio 14
VisualStudioVersion = 14.0.25420.1
MinimumVisualStudioVersion = 10.0.40219.1
Project("{2150E333-8FDC-42A3-9474-1A3956D46DE8}") = "src", "src", "{A15854E7-D5B9-4F27-AE3B-44B4242AD05F}"
EndProject
Project("{2150E333-8FDC-42A3-9474-1A3956D46DE8}") = "Solution Items", "Solution Items", "{08287A22-326F-40BD-AFBA-121C021C0711}"
	ProjectSection(SolutionItems) = preProject
		global.json = global.json
	EndProjectSection
EndProject
Project("{8BB2217D-0F2D-49D1-97BC-3654ED321F3B}") = "Webshop.API", "src\Webshop.API\Webshop.API.xproj", "{2F87ED14-FE59-4F37-B65C-EE4D1B912FBE}"
EndProject
Project("{8BB2217D-0F2D-49D1-97BC-3654ED321F3B}") = "Webshop.Database", "src\Webshop.Database\Webshop.Database.xproj", "{60A95B07-AAA2-4622-8CBD-7AA54FB4ABA2}"
EndProject
Project("{8BB2217D-0F2D-49D1-97BC-3654ED321F3B}") = "Webshop.Listener", "src\Webshop.Listener\Webshop.Listener.xproj", "{6CB72A00-7D8F-499A-BE23-4179162E0A06}"
EndProject
Project("{8BB2217D-0F2D-49D1-97BC-3654ED321F3B}") = "Webshop.API.Test", "src\Webshop.API.Test\Webshop.API.Test.xproj", "{50DE3238-3977-4DE2-B054-1C84379DBB12}"
EndProject
Project("{8BB2217D-0F2D-49D1-97BC-3654ED321F3B}") = "Webshop.Listener.Test", "src\Webshop.Listener.Test\Webshop.Listener.Test.xproj", "{4F6D7E52-E2DA-4319-8379-43017EF5E3A9}"
EndProject
Global
	GlobalSection(SolutionConfigurationPlatforms) = preSolution
		Debug|Any CPU = Debug|Any CPU
		Release|Any CPU = Release|Any CPU
	EndGlobalSection
	GlobalSection(ProjectConfigurationPlatforms) = postSolution
		{2F87ED14-FE59-4F37-B65C-EE4D1B912FBE}.Debug|Any CPU.ActiveCfg = Debug|Any CPU
		{2F87ED14-FE59-4F37-B65C-EE4D1B912FBE}.Debug|Any CPU.Build.0 = Debug|Any CPU
		{2F87ED14-FE59-4F37-B65C-EE4D1B912FBE}.Release|Any CPU.ActiveCfg = Release|Any CPU
		{2F87ED14-FE59-4F37-B65C-EE4D1B912FBE}.Release|Any CPU.Build.0 = Release|Any CPU
		{60A95B07-AAA2-4622-8CBD-7AA54FB4ABA2}.Debug|Any CPU.ActiveCfg = Debug|Any CPU
		{60A95B07-AAA2-4622-8CBD-7AA54FB4ABA2}.Debug|Any CPU.Build.0 = Debug|Any CPU
		{60A95B07-AAA2-4622-8CBD-7AA54FB4ABA2}.Release|Any CPU.ActiveCfg = Release|Any CPU
		{60A95B07-AAA2-4622-8CBD-7AA54FB4ABA2}.Release|Any CPU.Build.0 = Release|Any CPU
		{6CB72A00-7D8F-499A-BE23-4179162E0A06}.Debug|Any CPU.ActiveCfg = Debug|Any CPU
		{6CB72A00-7D8F-499A-BE23-4179162E0A06}.Debug|Any CPU.Build.0 = Debug|Any CPU
		{6CB72A00-7D8F-499A-BE23-4179162E0A06}.Release|Any CPU.ActiveCfg = Release|Any CPU
		{6CB72A00-7D8F-499A-BE23-4179162E0A06}.Release|Any CPU.Build.0 = Release|Any CPU
		{50DE3238-3977-4DE2-B054-1C84379DBB12}.Debug|Any CPU.ActiveCfg = Debug|Any CPU
		{50DE3238-3977-4DE2-B054-1C84379DBB12}.Debug|Any CPU.Build.0 = Debug|Any CPU
		{50DE3238-3977-4DE2-B054-1C84379DBB12}.Release|Any CPU.ActiveCfg = Release|Any CPU
		{50DE3238-3977-4DE2-B054-1C84379DBB12}.Release|Any CPU.Build.0 = Release|Any CPU
		{4F6D7E52-E2DA-4319-8379-43017EF5E3A9}.Debug|Any CPU.ActiveCfg = Debug|Any CPU
		{4F6D7E52-E2DA-4319-8379-43017EF5E3A9}.Debug|Any CPU.Build.0 = Debug|Any CPU
		{4F6D7E52-E2DA-4319-8379-43017EF5E3A9}.Release|Any CPU.ActiveCfg = Release|Any CPU
		{4F6D7E52-E2DA-4319-8379-43017EF5E3A9}.Release|Any CPU.Build.0 = Release|Any CPU
	EndGlobalSection
	GlobalSection(SolutionProperties) = preSolution
		HideSolutionNode = FALSE
	EndGlobalSection
	GlobalSection(NestedProjects) = preSolution
		{2F87ED14-FE59-4F37-B65C-EE4D1B912FBE} = {A15854E7-D5B9-4F27-AE3B-44B4242AD05F}
		{60A95B07-AAA2-4622-8CBD-7AA54FB4ABA2} = {A15854E7-D5B9-4F27-AE3B-44B4242AD05F}
		{6CB72A00-7D8F-499A-BE23-4179162E0A06} = {A15854E7-D5B9-4F27-AE3B-44B4242AD05F}
		{50DE3238-3977-4DE2-B054-1C84379DBB12} = {A15854E7-D5B9-4F27-AE3B-44B4242AD05F}
		{4F6D7E52-E2DA-4319-8379-43017EF5E3A9} = {A15854E7-D5B9-4F27-AE3B-44B4242AD05F}
	EndGlobalSection
EndGlobal
